
Microsoft Visual Studio Solution File, Format Version 12.00
# Visual Studio Version 17
VisualStudioVersion = 17.3.32901.215
MinimumVisualStudioVersion = 10.0.40219.1
Project("{2150E333-8FDC-42A3-9474-1A3956D46DE8}") = "Services", "Services", "{99B0D8FD-A360-4717-B637-D8AA37CD6105}"
EndProject
Project("{2150E333-8FDC-42A3-9474-1A3956D46DE8}") = "User", "User", "{69811F86-3594-4986-8961-2D059BF91B2E}"
EndProject
Project("{2150E333-8FDC-42A3-9474-1A3956D46DE8}") = "Common", "Common", "{9253D74F-C62D-4337-AF39-3B5EFA175266}"
EndProject
Project("{9A19103F-16F7-4668-BE54-9A1E7A4F7556}") = "DataTransferLib", "Common\DataTransferLib\DataTransferLib.csproj", "{D2F3EB92-070F-47B2-B4E1-BFED46779764}"
EndProject
Project("{9A19103F-16F7-4668-BE54-9A1E7A4F7556}") = "StringHash", "Common\PasswordsHash\StringHash.csproj", "{0164B854-AE55-45CC-97D4-29F8714B875C}"
EndProject
Project("{9A19103F-16F7-4668-BE54-9A1E7A4F7556}") = "CommonRepository", "Common\CommonRepository\CommonRepository.csproj", "{1ACCBF53-6F10-4598-BAD4-22981608ECD5}"
EndProject
Project("{2150E333-8FDC-42A3-9474-1A3956D46DE8}") = "Request", "Request", "{7BB1A8BA-661F-433F-822E-AA5EDF7D7E1C}"
EndProject
Project("{9A19103F-16F7-4668-BE54-9A1E7A4F7556}") = "Request.API", "Services\Request\Request.API\Request.API.csproj", "{5A036E35-48F6-4998-8896-ECEB76E1CE45}"
EndProject
Project("{9A19103F-16F7-4668-BE54-9A1E7A4F7556}") = "Request.Domain", "Services\Request\Request.Domain\Request.Domain.csproj", "{82E77E67-5094-4AA9-985E-061C55001308}"
EndProject
Project("{9A19103F-16F7-4668-BE54-9A1E7A4F7556}") = "Request.Application", "Services\Request\Request.Application\Request.Application.csproj", "{0CE1F569-4097-4BEB-9422-A9F578574B18}"
EndProject
Project("{9A19103F-16F7-4668-BE54-9A1E7A4F7556}") = "Request.Infrastructure", "Services\Request\Request.Infrastructure\Request.Infrastructure.csproj", "{6AD213D7-648F-4502-91C6-4999116F6565}"
EndProject
Project("{2150E333-8FDC-42A3-9474-1A3956D46DE8}") = "Gateway", "Gateway", "{0AA042D2-F09A-49B7-BF80-B4B580E06A1A}"
EndProject
Project("{2150E333-8FDC-42A3-9474-1A3956D46DE8}") = "UserGateway", "UserGateway", "{BB1AF37B-F682-4EF9-B2CB-6E334DB1C3C0}"
EndProject
Project("{9A19103F-16F7-4668-BE54-9A1E7A4F7556}") = "ServicesContracts", "Common\ServicesContracts\ServicesContracts.csproj", "{381C5F55-4158-4E41-8D84-DC4AF2AD3620}"
EndProject
Project("{2150E333-8FDC-42A3-9474-1A3956D46DE8}") = "Courses", "Courses", "{5D9C538B-920D-441C-862C-4CC84A34E10F}"
EndProject
Project("{9A19103F-16F7-4668-BE54-9A1E7A4F7556}") = "Courses.API", "Services\Courses\Courses.API\Courses.API.csproj", "{F10A1199-BC11-4F39-BF00-B451D66DCD60}"
EndProject
Project("{9A19103F-16F7-4668-BE54-9A1E7A4F7556}") = "Courses.Application", "Services\Courses\Courses.Application\Courses.Application.csproj", "{E9C480F7-3426-4032-BEF1-793A7B6ACAD7}"
EndProject
Project("{9A19103F-16F7-4668-BE54-9A1E7A4F7556}") = "Courses.Domain", "Services\Courses\Courses.Domain\Courses.Domain.csproj", "{FFD1EAA5-635D-487E-821F-A1A07104495D}"
EndProject
Project("{9A19103F-16F7-4668-BE54-9A1E7A4F7556}") = "Courses.Infrastructure", "Services\Courses\Courses.Infrastructure\Courses.Infrastructure.csproj", "{4B7A20DE-39E7-40F7-872B-F3C2500F716B}"
EndProject
Project("{9A19103F-16F7-4668-BE54-9A1E7A4F7556}") = "UserGateway.API", "Gateway\UserGateway\UserGateway.API\UserGateway.API.csproj", "{76F585BA-D639-489F-9B19-0202ADD40E44}"
EndProject
Project("{9A19103F-16F7-4668-BE54-9A1E7A4F7556}") = "UserGateway.Application", "Gateway\UserGateway\UserGateway.Application\UserGateway.Application.csproj", "{F8A37259-B5DA-44E6-A032-B355A201939B}"
EndProject
Project("{9A19103F-16F7-4668-BE54-9A1E7A4F7556}") = "UserGateway.Domain", "Gateway\UserGateway\UserGateway.Domain\UserGateway.Domain.csproj", "{3D962B0D-EFE4-4A93-A5EB-293DE93421FD}"
EndProject
Project("{9A19103F-16F7-4668-BE54-9A1E7A4F7556}") = "UserGateway.Infrastructure", "Gateway\UserGateway\UserGateway.Infrastructure\UserGateway.Infrastructure.csproj", "{E2B67DD1-C02C-40DD-808C-2A1DF63DDB20}"
EndProject
Project("{9A19103F-16F7-4668-BE54-9A1E7A4F7556}") = "User.API", "Services\User\User.API\User.API.csproj", "{6AC271D4-CFE8-4E4C-BB5C-40A83C2617AD}"
EndProject
Project("{9A19103F-16F7-4668-BE54-9A1E7A4F7556}") = "User.Application", "Services\User\User.Application\User.Application.csproj", "{BB448EB5-43D4-474A-AB5D-9BA4944A73D7}"
EndProject
Project("{9A19103F-16F7-4668-BE54-9A1E7A4F7556}") = "User.Domain", "Services\User\User.Domain\User.Domain.csproj", "{B1D96112-75B2-4E60-93D7-B219516ED804}"
EndProject
Project("{9A19103F-16F7-4668-BE54-9A1E7A4F7556}") = "User.Infrastructure", "Services\User\User.Infrastructure\User.Infrastructure.csproj", "{9EFC430B-18CE-436E-83A6-18C59DA71B50}"
EndProject
Project("{2150E333-8FDC-42A3-9474-1A3956D46DE8}") = "AdminGateway", "AdminGateway", "{0D0E562D-64EE-4354-9274-35E228DEAB7F}"
EndProject
Project("{2150E333-8FDC-42A3-9474-1A3956D46DE8}") = "UnitTests", "UnitTests", "{C3684626-959D-4CE0-AB89-58C2F64B6395}"
EndProject
Project("{9A19103F-16F7-4668-BE54-9A1E7A4F7556}") = "User.API.Tests", "UnitTests\Identity.API.Tests\User.API.Tests.csproj", "{9760B0D9-007E-4968-816D-600FFF45C132}"
EndProject
Project("{9A19103F-16F7-4668-BE54-9A1E7A4F7556}") = "Request.API.Tests", "UnitTests\Request.API.Tests\Request.API.Tests.csproj", "{8D24B600-0130-47E2-8A39-6B471D9B8F85}"
EndProject
Project("{9A19103F-16F7-4668-BE54-9A1E7A4F7556}") = "AdminGateway.MVC", "Gateway\AdminGateway.MVC\AdminGateway.MVC.csproj", "{F968A1FB-0C27-4A68-B5BA-D8DCA6383320}"
EndProject
Global
	GlobalSection(SolutionConfigurationPlatforms) = preSolution
		Debug|Any CPU = Debug|Any CPU
		Release|Any CPU = Release|Any CPU
	EndGlobalSection
	GlobalSection(ProjectConfigurationPlatforms) = postSolution
		{D2F3EB92-070F-47B2-B4E1-BFED46779764}.Debug|Any CPU.ActiveCfg = Debug|Any CPU
		{D2F3EB92-070F-47B2-B4E1-BFED46779764}.Debug|Any CPU.Build.0 = Debug|Any CPU
		{D2F3EB92-070F-47B2-B4E1-BFED46779764}.Release|Any CPU.ActiveCfg = Release|Any CPU
		{D2F3EB92-070F-47B2-B4E1-BFED46779764}.Release|Any CPU.Build.0 = Release|Any CPU
		{0164B854-AE55-45CC-97D4-29F8714B875C}.Debug|Any CPU.ActiveCfg = Debug|Any CPU
		{0164B854-AE55-45CC-97D4-29F8714B875C}.Debug|Any CPU.Build.0 = Debug|Any CPU
		{0164B854-AE55-45CC-97D4-29F8714B875C}.Release|Any CPU.ActiveCfg = Release|Any CPU
		{0164B854-AE55-45CC-97D4-29F8714B875C}.Release|Any CPU.Build.0 = Release|Any CPU
		{1ACCBF53-6F10-4598-BAD4-22981608ECD5}.Debug|Any CPU.ActiveCfg = Debug|Any CPU
		{1ACCBF53-6F10-4598-BAD4-22981608ECD5}.Debug|Any CPU.Build.0 = Debug|Any CPU
		{1ACCBF53-6F10-4598-BAD4-22981608ECD5}.Release|Any CPU.ActiveCfg = Release|Any CPU
		{1ACCBF53-6F10-4598-BAD4-22981608ECD5}.Release|Any CPU.Build.0 = Release|Any CPU
		{5A036E35-48F6-4998-8896-ECEB76E1CE45}.Debug|Any CPU.ActiveCfg = Debug|Any CPU
		{5A036E35-48F6-4998-8896-ECEB76E1CE45}.Debug|Any CPU.Build.0 = Debug|Any CPU
		{5A036E35-48F6-4998-8896-ECEB76E1CE45}.Release|Any CPU.ActiveCfg = Release|Any CPU
		{5A036E35-48F6-4998-8896-ECEB76E1CE45}.Release|Any CPU.Build.0 = Release|Any CPU
		{82E77E67-5094-4AA9-985E-061C55001308}.Debug|Any CPU.ActiveCfg = Debug|Any CPU
		{82E77E67-5094-4AA9-985E-061C55001308}.Debug|Any CPU.Build.0 = Debug|Any CPU
		{82E77E67-5094-4AA9-985E-061C55001308}.Release|Any CPU.ActiveCfg = Release|Any CPU
		{82E77E67-5094-4AA9-985E-061C55001308}.Release|Any CPU.Build.0 = Release|Any CPU
		{0CE1F569-4097-4BEB-9422-A9F578574B18}.Debug|Any CPU.ActiveCfg = Debug|Any CPU
		{0CE1F569-4097-4BEB-9422-A9F578574B18}.Debug|Any CPU.Build.0 = Debug|Any CPU
		{0CE1F569-4097-4BEB-9422-A9F578574B18}.Release|Any CPU.ActiveCfg = Release|Any CPU
		{0CE1F569-4097-4BEB-9422-A9F578574B18}.Release|Any CPU.Build.0 = Release|Any CPU
		{6AD213D7-648F-4502-91C6-4999116F6565}.Debug|Any CPU.ActiveCfg = Debug|Any CPU
		{6AD213D7-648F-4502-91C6-4999116F6565}.Debug|Any CPU.Build.0 = Debug|Any CPU
		{6AD213D7-648F-4502-91C6-4999116F6565}.Release|Any CPU.ActiveCfg = Release|Any CPU
		{6AD213D7-648F-4502-91C6-4999116F6565}.Release|Any CPU.Build.0 = Release|Any CPU
		{381C5F55-4158-4E41-8D84-DC4AF2AD3620}.Debug|Any CPU.ActiveCfg = Debug|Any CPU
		{381C5F55-4158-4E41-8D84-DC4AF2AD3620}.Debug|Any CPU.Build.0 = Debug|Any CPU
		{381C5F55-4158-4E41-8D84-DC4AF2AD3620}.Release|Any CPU.ActiveCfg = Release|Any CPU
		{381C5F55-4158-4E41-8D84-DC4AF2AD3620}.Release|Any CPU.Build.0 = Release|Any CPU
		{F10A1199-BC11-4F39-BF00-B451D66DCD60}.Debug|Any CPU.ActiveCfg = Debug|Any CPU
		{F10A1199-BC11-4F39-BF00-B451D66DCD60}.Debug|Any CPU.Build.0 = Debug|Any CPU
		{F10A1199-BC11-4F39-BF00-B451D66DCD60}.Release|Any CPU.ActiveCfg = Release|Any CPU
		{F10A1199-BC11-4F39-BF00-B451D66DCD60}.Release|Any CPU.Build.0 = Release|Any CPU
		{E9C480F7-3426-4032-BEF1-793A7B6ACAD7}.Debug|Any CPU.ActiveCfg = Debug|Any CPU
		{E9C480F7-3426-4032-BEF1-793A7B6ACAD7}.Debug|Any CPU.Build.0 = Debug|Any CPU
		{E9C480F7-3426-4032-BEF1-793A7B6ACAD7}.Release|Any CPU.ActiveCfg = Release|Any CPU
		{E9C480F7-3426-4032-BEF1-793A7B6ACAD7}.Release|Any CPU.Build.0 = Release|Any CPU
		{FFD1EAA5-635D-487E-821F-A1A07104495D}.Debug|Any CPU.ActiveCfg = Debug|Any CPU
		{FFD1EAA5-635D-487E-821F-A1A07104495D}.Debug|Any CPU.Build.0 = Debug|Any CPU
		{FFD1EAA5-635D-487E-821F-A1A07104495D}.Release|Any CPU.ActiveCfg = Release|Any CPU
		{FFD1EAA5-635D-487E-821F-A1A07104495D}.Release|Any CPU.Build.0 = Release|Any CPU
		{4B7A20DE-39E7-40F7-872B-F3C2500F716B}.Debug|Any CPU.ActiveCfg = Debug|Any CPU
		{4B7A20DE-39E7-40F7-872B-F3C2500F716B}.Debug|Any CPU.Build.0 = Debug|Any CPU
		{4B7A20DE-39E7-40F7-872B-F3C2500F716B}.Release|Any CPU.ActiveCfg = Release|Any CPU
		{4B7A20DE-39E7-40F7-872B-F3C2500F716B}.Release|Any CPU.Build.0 = Release|Any CPU
		{76F585BA-D639-489F-9B19-0202ADD40E44}.Debug|Any CPU.ActiveCfg = Debug|Any CPU
		{76F585BA-D639-489F-9B19-0202ADD40E44}.Debug|Any CPU.Build.0 = Debug|Any CPU
		{76F585BA-D639-489F-9B19-0202ADD40E44}.Release|Any CPU.ActiveCfg = Release|Any CPU
		{76F585BA-D639-489F-9B19-0202ADD40E44}.Release|Any CPU.Build.0 = Release|Any CPU
		{F8A37259-B5DA-44E6-A032-B355A201939B}.Debug|Any CPU.ActiveCfg = Debug|Any CPU
		{F8A37259-B5DA-44E6-A032-B355A201939B}.Debug|Any CPU.Build.0 = Debug|Any CPU
		{F8A37259-B5DA-44E6-A032-B355A201939B}.Release|Any CPU.ActiveCfg = Release|Any CPU
		{F8A37259-B5DA-44E6-A032-B355A201939B}.Release|Any CPU.Build.0 = Release|Any CPU
		{3D962B0D-EFE4-4A93-A5EB-293DE93421FD}.Debug|Any CPU.ActiveCfg = Debug|Any CPU
		{3D962B0D-EFE4-4A93-A5EB-293DE93421FD}.Debug|Any CPU.Build.0 = Debug|Any CPU
		{3D962B0D-EFE4-4A93-A5EB-293DE93421FD}.Release|Any CPU.ActiveCfg = Release|Any CPU
		{3D962B0D-EFE4-4A93-A5EB-293DE93421FD}.Release|Any CPU.Build.0 = Release|Any CPU
		{E2B67DD1-C02C-40DD-808C-2A1DF63DDB20}.Debug|Any CPU.ActiveCfg = Debug|Any CPU
		{E2B67DD1-C02C-40DD-808C-2A1DF63DDB20}.Debug|Any CPU.Build.0 = Debug|Any CPU
		{E2B67DD1-C02C-40DD-808C-2A1DF63DDB20}.Release|Any CPU.ActiveCfg = Release|Any CPU
		{E2B67DD1-C02C-40DD-808C-2A1DF63DDB20}.Release|Any CPU.Build.0 = Release|Any CPU
		{6AC271D4-CFE8-4E4C-BB5C-40A83C2617AD}.Debug|Any CPU.ActiveCfg = Debug|Any CPU
		{6AC271D4-CFE8-4E4C-BB5C-40A83C2617AD}.Debug|Any CPU.Build.0 = Debug|Any CPU
		{6AC271D4-CFE8-4E4C-BB5C-40A83C2617AD}.Release|Any CPU.ActiveCfg = Release|Any CPU
		{6AC271D4-CFE8-4E4C-BB5C-40A83C2617AD}.Release|Any CPU.Build.0 = Release|Any CPU
		{BB448EB5-43D4-474A-AB5D-9BA4944A73D7}.Debug|Any CPU.ActiveCfg = Debug|Any CPU
		{BB448EB5-43D4-474A-AB5D-9BA4944A73D7}.Debug|Any CPU.Build.0 = Debug|Any CPU
		{BB448EB5-43D4-474A-AB5D-9BA4944A73D7}.Release|Any CPU.ActiveCfg = Release|Any CPU
		{BB448EB5-43D4-474A-AB5D-9BA4944A73D7}.Release|Any CPU.Build.0 = Release|Any CPU
		{B1D96112-75B2-4E60-93D7-B219516ED804}.Debug|Any CPU.ActiveCfg = Debug|Any CPU
		{B1D96112-75B2-4E60-93D7-B219516ED804}.Debug|Any CPU.Build.0 = Debug|Any CPU
		{B1D96112-75B2-4E60-93D7-B219516ED804}.Release|Any CPU.ActiveCfg = Release|Any CPU
		{B1D96112-75B2-4E60-93D7-B219516ED804}.Release|Any CPU.Build.0 = Release|Any CPU
		{9EFC430B-18CE-436E-83A6-18C59DA71B50}.Debug|Any CPU.ActiveCfg = Debug|Any CPU
		{9EFC430B-18CE-436E-83A6-18C59DA71B50}.Debug|Any CPU.Build.0 = Debug|Any CPU
		{9EFC430B-18CE-436E-83A6-18C59DA71B50}.Release|Any CPU.ActiveCfg = Release|Any CPU
		{9EFC430B-18CE-436E-83A6-18C59DA71B50}.Release|Any CPU.Build.0 = Release|Any CPU
		{9760B0D9-007E-4968-816D-600FFF45C132}.Debug|Any CPU.ActiveCfg = Debug|Any CPU
		{9760B0D9-007E-4968-816D-600FFF45C132}.Debug|Any CPU.Build.0 = Debug|Any CPU
		{9760B0D9-007E-4968-816D-600FFF45C132}.Release|Any CPU.ActiveCfg = Release|Any CPU
		{9760B0D9-007E-4968-816D-600FFF45C132}.Release|Any CPU.Build.0 = Release|Any CPU
		{8D24B600-0130-47E2-8A39-6B471D9B8F85}.Debug|Any CPU.ActiveCfg = Debug|Any CPU
		{8D24B600-0130-47E2-8A39-6B471D9B8F85}.Debug|Any CPU.Build.0 = Debug|Any CPU
		{8D24B600-0130-47E2-8A39-6B471D9B8F85}.Release|Any CPU.ActiveCfg = Release|Any CPU
		{8D24B600-0130-47E2-8A39-6B471D9B8F85}.Release|Any CPU.Build.0 = Release|Any CPU
		{F968A1FB-0C27-4A68-B5BA-D8DCA6383320}.Debug|Any CPU.ActiveCfg = Debug|Any CPU
		{F968A1FB-0C27-4A68-B5BA-D8DCA6383320}.Debug|Any CPU.Build.0 = Debug|Any CPU
		{F968A1FB-0C27-4A68-B5BA-D8DCA6383320}.Release|Any CPU.ActiveCfg = Release|Any CPU
		{F968A1FB-0C27-4A68-B5BA-D8DCA6383320}.Release|Any CPU.Build.0 = Release|Any CPU
	EndGlobalSection
	GlobalSection(SolutionProperties) = preSolution
		HideSolutionNode = FALSE
	EndGlobalSection
	GlobalSection(NestedProjects) = preSolution
		{69811F86-3594-4986-8961-2D059BF91B2E} = {99B0D8FD-A360-4717-B637-D8AA37CD6105}
		{D2F3EB92-070F-47B2-B4E1-BFED46779764} = {9253D74F-C62D-4337-AF39-3B5EFA175266}
		{0164B854-AE55-45CC-97D4-29F8714B875C} = {9253D74F-C62D-4337-AF39-3B5EFA175266}
		{1ACCBF53-6F10-4598-BAD4-22981608ECD5} = {9253D74F-C62D-4337-AF39-3B5EFA175266}
		{7BB1A8BA-661F-433F-822E-AA5EDF7D7E1C} = {99B0D8FD-A360-4717-B637-D8AA37CD6105}
		{5A036E35-48F6-4998-8896-ECEB76E1CE45} = {7BB1A8BA-661F-433F-822E-AA5EDF7D7E1C}
		{82E77E67-5094-4AA9-985E-061C55001308} = {7BB1A8BA-661F-433F-822E-AA5EDF7D7E1C}
		{0CE1F569-4097-4BEB-9422-A9F578574B18} = {7BB1A8BA-661F-433F-822E-AA5EDF7D7E1C}
		{6AD213D7-648F-4502-91C6-4999116F6565} = {7BB1A8BA-661F-433F-822E-AA5EDF7D7E1C}
		{BB1AF37B-F682-4EF9-B2CB-6E334DB1C3C0} = {0AA042D2-F09A-49B7-BF80-B4B580E06A1A}
		{381C5F55-4158-4E41-8D84-DC4AF2AD3620} = {9253D74F-C62D-4337-AF39-3B5EFA175266}
		{5D9C538B-920D-441C-862C-4CC84A34E10F} = {99B0D8FD-A360-4717-B637-D8AA37CD6105}
		{F10A1199-BC11-4F39-BF00-B451D66DCD60} = {5D9C538B-920D-441C-862C-4CC84A34E10F}
		{E9C480F7-3426-4032-BEF1-793A7B6ACAD7} = {5D9C538B-920D-441C-862C-4CC84A34E10F}
		{FFD1EAA5-635D-487E-821F-A1A07104495D} = {5D9C538B-920D-441C-862C-4CC84A34E10F}
		{4B7A20DE-39E7-40F7-872B-F3C2500F716B} = {5D9C538B-920D-441C-862C-4CC84A34E10F}
		{76F585BA-D639-489F-9B19-0202ADD40E44} = {BB1AF37B-F682-4EF9-B2CB-6E334DB1C3C0}
		{F8A37259-B5DA-44E6-A032-B355A201939B} = {BB1AF37B-F682-4EF9-B2CB-6E334DB1C3C0}
		{3D962B0D-EFE4-4A93-A5EB-293DE93421FD} = {BB1AF37B-F682-4EF9-B2CB-6E334DB1C3C0}
		{E2B67DD1-C02C-40DD-808C-2A1DF63DDB20} = {BB1AF37B-F682-4EF9-B2CB-6E334DB1C3C0}
		{6AC271D4-CFE8-4E4C-BB5C-40A83C2617AD} = {69811F86-3594-4986-8961-2D059BF91B2E}
		{BB448EB5-43D4-474A-AB5D-9BA4944A73D7} = {69811F86-3594-4986-8961-2D059BF91B2E}
		{B1D96112-75B2-4E60-93D7-B219516ED804} = {69811F86-3594-4986-8961-2D059BF91B2E}
		{9EFC430B-18CE-436E-83A6-18C59DA71B50} = {69811F86-3594-4986-8961-2D059BF91B2E}
		{0D0E562D-64EE-4354-9274-35E228DEAB7F} = {0AA042D2-F09A-49B7-BF80-B4B580E06A1A}
		{9760B0D9-007E-4968-816D-600FFF45C132} = {C3684626-959D-4CE0-AB89-58C2F64B6395}
		{8D24B600-0130-47E2-8A39-6B471D9B8F85} = {C3684626-959D-4CE0-AB89-58C2F64B6395}
		{F968A1FB-0C27-4A68-B5BA-D8DCA6383320} = {0D0E562D-64EE-4354-9274-35E228DEAB7F}
	EndGlobalSection
	GlobalSection(ExtensibilityGlobals) = postSolution
		SolutionGuid = {8DE1B9DB-6B40-4D8A-8E4F-42BB81F27D89}
	EndGlobalSection
EndGlobal
